
Microsoft Visual Studio Solution File, Format Version 12.00
# Visual Studio Version 17
VisualStudioVersion = 17.5.002.0
MinimumVisualStudioVersion = 10.0.40219.1
Project("{9A19103F-16F7-4668-BE54-9A1E7A4F7556}") = "Adminbot", "Adminbot.csproj", "{C5A4DAAF-31AC-4230-ADAA-D0020CCFA46B}"
EndProject
Global
	GlobalSection(SolutionConfigurationPlatforms) = preSolution
		Debug|Any CPU = Debug|Any CPU
		Release|Any CPU = Release|Any CPU
	EndGlobalSection
	GlobalSection(ProjectConfigurationPlatforms) = postSolution
		{C5A4DAAF-31AC-4230-ADAA-D0020CCFA46B}.Debug|Any CPU.ActiveCfg = Debug|Any CPU
		{C5A4DAAF-31AC-4230-ADAA-D0020CCFA46B}.Debug|Any CPU.Build.0 = Debug|Any CPU
		{C5A4DAAF-31AC-4230-ADAA-D0020CCFA46B}.Release|Any CPU.ActiveCfg = Release|Any CPU
		{C5A4DAAF-31AC-4230-ADAA-D0020CCFA46B}.Release|Any CPU.Build.0 = Release|Any CPU
	EndGlobalSection
	GlobalSection(SolutionProperties) = preSolution
		HideSolutionNode = FALSE
	EndGlobalSection
	GlobalSection(ExtensibilityGlobals) = postSolution
		SolutionGuid = {D17B24E5-E46E-4D83-8612-001D7CF70D46}
	EndGlobalSection
EndGlobal
